
Microsoft Visual Studio Solution File, Format Version 12.00
# Visual Studio Version 17
VisualStudioVersion = 17.3.32901.215
MinimumVisualStudioVersion = 10.0.40219.1
Project("{FAE04EC0-301F-11D3-BF4B-00C04F79EFBC}") = "Opdracht4", "Opdracht4\Opdracht4.csproj", "{E593F289-B1E0-4D76-9724-C88105BABF6D}"
EndProject
Global
	GlobalSection(SolutionConfigurationPlatforms) = preSolution
		Debug|Any CPU = Debug|Any CPU
		Release|Any CPU = Release|Any CPU
	EndGlobalSection
	GlobalSection(ProjectConfigurationPlatforms) = postSolution
		{E593F289-B1E0-4D76-9724-C88105BABF6D}.Debug|Any CPU.ActiveCfg = Debug|Any CPU
		{E593F289-B1E0-4D76-9724-C88105BABF6D}.Debug|Any CPU.Build.0 = Debug|Any CPU
		{E593F289-B1E0-4D76-9724-C88105BABF6D}.Release|Any CPU.ActiveCfg = Release|Any CPU
		{E593F289-B1E0-4D76-9724-C88105BABF6D}.Release|Any CPU.Build.0 = Release|Any CPU
	EndGlobalSection
	GlobalSection(SolutionProperties) = preSolution
		HideSolutionNode = FALSE
	EndGlobalSection
	GlobalSection(ExtensibilityGlobals) = postSolution
		SolutionGuid = {FEC4F35A-B233-42AF-857E-3A861BF59458}
	EndGlobalSection
EndGlobal
